<?xml version="1.0" encoding="utf-8"?>
<Project ToolsVersion="4.0" xmlns="http://schemas.microsoft.com/developer/msbuild/2003">
  <ItemGroup>
    <Filter Include="Source Files">
      <UniqueIdentifier>{4FC737F1-C7A5-4376-A066-2A32D752A2FF}</UniqueIdentifier>
      <Extensions>cpp;c;cc;cxx;c++;cppm;ixx;def;odl;idl;hpj;bat;asm;asmx</Extensions>
    </Filter>
  </ItemGroup>
  <ItemGroup>
    <ClCompile Include="src\CConstantBufferOGL.cpp">
      <Filter>Source Files</Filter>
    </ClCompile>
    <ClCompile Include="src\CDepthStencilViewOGL.cpp">
      <Filter>Source Files</Filter>
    </ClCompile>
    <ClCompile Include="src\CIndexBufferOGL.cpp">
      <Filter>Source Files</Filter>
    </ClCompile>
    <ClCompile Include="src\CInputLayoutOGL.cpp">
      <Filter>Source Files</Filter>
    </ClCompile>
    <ClCompile Include="src\COGLGraphiAPI.cpp">
      <Filter>Source Files</Filter>
    </ClCompile>
    <ClCompile Include="src\CPixelShaderOGL.cpp">
      <Filter>Source Files</Filter>
    </ClCompile>
    <ClCompile Include="src\CRasterizerStateOGL.cpp">
      <Filter>Source Files</Filter>
    </ClCompile>
    <ClCompile Include="src\CSamplerStateOGL.cpp">
      <Filter>Source Files</Filter>
    </ClCompile>
    <ClCompile Include="src\CTextureOGL.cpp">
      <Filter>Source Files</Filter>
    </ClCompile>
    <ClCompile Include="src\CVertexBufferOGL.cpp">
      <Filter>Source Files</Filter>
    </ClCompile>
    <ClCompile Include="src\CVertexShaderOGL.cpp">
      <Filter>Source Files</Filter>
    </ClCompile>
  </ItemGroup>
  <ItemGroup>
    <ClInclude Include="include\CConstantBufferOGL.h">
      <Filter>Source Files</Filter>
    </ClInclude>
    <ClInclude Include="include\CDepthStencilViewOGL.h">
      <Filter>Source Files</Filter>
    </ClInclude>
    <ClInclude Include="include\CIndexBufferOGL.h">
      <Filter>Source Files</Filter>
    </ClInclude>
    <ClInclude Include="include\CInputLayoutOGL.h">
      <Filter>Source Files</Filter>
    </ClInclude>
    <ClInclude Include="include\COGLGraphiAPI.h">
      <Filter>Source Files</Filter>
    </ClInclude>
    <ClInclude Include="include\CPixelShaderOGL.h">
      <Filter>Source Files</Filter>
    </ClInclude>
    <ClInclude Include="include\CRasterizerStateOGL.h">
      <Filter>Source Files</Filter>
    </ClInclude>
    <ClInclude Include="include\CSamplerStateOGL.h">
      <Filter>Source Files</Filter>
    </ClInclude>
    <ClInclude Include="include\CTextureOGL.h">
      <Filter>Source Files</Filter>
    </ClInclude>
    <ClInclude Include="include\CVertexBufferOGL.h">
      <Filter>Source Files</Filter>
    </ClInclude>
    <ClInclude Include="include\CVertexShaderOGL.h">
      <Filter>Source Files</Filter>
    </ClInclude>
  </ItemGroup>
</Project>