<?xml version="1.0" encoding="utf-8"?>
<Project ToolsVersion="4.0" xmlns="http://schemas.microsoft.com/developer/msbuild/2003">
  <ItemGroup>
    <Filter Include="Source Files">
      <UniqueIdentifier>{4FC737F1-C7A5-4376-A066-2A32D752A2FF}</UniqueIdentifier>
      <Extensions>cpp;c;hpp;h;</Extensions>
    </Filter>
    <Filter Include="Source Files\Prerequisites">
      <UniqueIdentifier>{8491ab01-03be-4d74-af67-3364b84bd5a1}</UniqueIdentifier>
    </Filter>
    <Filter Include="Source Files\Math">
      <UniqueIdentifier>{2ad5a986-cc76-4be1-9990-78babbf1661a}</UniqueIdentifier>
    </Filter>
  </ItemGroup>
  <ItemGroup>
    <ClInclude Include="include\xcPlatformDefines.h">
      <Filter>Source Files\Prerequisites</Filter>
    </ClInclude>
    <ClInclude Include="include\xcPlatformTypes.h">
      <Filter>Source Files\Prerequisites</Filter>
    </ClInclude>
    <ClInclude Include="include\xcVector2.h">
      <Filter>Source Files\Math</Filter>
    </ClInclude>
    <ClInclude Include="include\xcPlatformMath.h">
      <Filter>Source Files\Math</Filter>
    </ClInclude>
    <ClInclude Include="include\xcVectorI2.h">
      <Filter>Source Files\Math</Filter>
    </ClInclude>
    <ClInclude Include="include\xcVector3.h">
      <Filter>Source Files\Math</Filter>
    </ClInclude>
    <ClInclude Include="include\xcVectorI3.h">
      <Filter>Source Files\Math</Filter>
    </ClInclude>
    <ClInclude Include="include\xcVector4.h">
      <Filter>Source Files\Math</Filter>
    </ClInclude>
    <ClInclude Include="include\xcVectorI4.h">
      <Filter>Source Files\Math</Filter>
    </ClInclude>
    <ClInclude Include="include\xcVectorIN.h">
      <Filter>Source Files\Math</Filter>
    </ClInclude>
    <ClInclude Include="include\xcWindowsMath.h">
      <Filter>Source Files\Math</Filter>
    </ClInclude>
    <ClInclude Include="include\xcLinuxMath.h">
      <Filter>Source Files\Math</Filter>
    </ClInclude>
    <ClInclude Include="include\xcMath.h">
      <Filter>Source Files\Math</Filter>
    </ClInclude>
    <ClInclude Include="include\xcDegrees.h">
      <Filter>Source Files\Math</Filter>
    </ClInclude>
    <ClInclude Include="include\xcPlane.h">
      <Filter>Source Files\Math</Filter>
    </ClInclude>
    <ClInclude Include="include\xcRadians.h">
      <Filter>Source Files\Math</Filter>
    </ClInclude>
    <ClInclude Include="include\xcSphere.h">
      <Filter>Source Files\Math</Filter>
    </ClInclude>
    <ClInclude Include="include\xcMatrix3x3.h">
      <Filter>Source Files\Math</Filter>
    </ClInclude>
    <ClInclude Include="include\xcMatrix4x4.h">
      <Filter>Source Files\Math</Filter>
    </ClInclude>
    <ClInclude Include="include\xcAABB.h">
      <Filter>Source Files\Math</Filter>
    </ClInclude>
    <ClInclude Include="include\xcRay.h">
      <Filter>Source Files\Math</Filter>
    </ClInclude>
    <ClInclude Include="include\xcPrerequisitesUtilities.h">
      <Filter>Source Files\Prerequisites</Filter>
    </ClInclude>
    <ClInclude Include="include\xcStdHeaders.h">
      <Filter>Source Files\Prerequisites</Filter>
    </ClInclude>
  </ItemGroup>
  <ItemGroup>
    <ClCompile Include="src\xcVector2.cpp">
      <Filter>Source Files\Math</Filter>
    </ClCompile>
    <ClCompile Include="src\xcVectorI2.cpp">
      <Filter>Source Files\Math</Filter>
    </ClCompile>
    <ClCompile Include="src\xcVector3.cpp">
      <Filter>Source Files\Math</Filter>
    </ClCompile>
    <ClCompile Include="src\xcVector4.cpp">
      <Filter>Source Files\Math</Filter>
    </ClCompile>
    <ClCompile Include="src\xcVectorI3.cpp">
      <Filter>Source Files\Math</Filter>
    </ClCompile>
    <ClCompile Include="src\xcVectorI4.cpp">
      <Filter>Source Files\Math</Filter>
    </ClCompile>
    <ClCompile Include="src\xcVectorIN.cpp">
      <Filter>Source Files\Math</Filter>
    </ClCompile>
    <ClCompile Include="src\xcRadians.cpp">
      <Filter>Source Files\Math</Filter>
    </ClCompile>
    <ClCompile Include="src\xcDegrees.cpp">
      <Filter>Source Files\Math</Filter>
    </ClCompile>
    <ClCompile Include="src\xcMatrix3x3.cpp">
      <Filter>Source Files\Math</Filter>
    </ClCompile>
    <ClCompile Include="src\xcSphere.cpp">
      <Filter>Source Files\Math</Filter>
    </ClCompile>
    <ClCompile Include="src\xcAABB.cpp">
      <Filter>Source Files\Math</Filter>
    </ClCompile>
    <ClCompile Include="src\xcRay.cpp">
      <Filter>Source Files\Math</Filter>
    </ClCompile>
    <ClCompile Include="include\xcMatrix4x4.cpp">
      <Filter>Source Files\Math</Filter>
    </ClCompile>
    <ClCompile Include="src\xcPlatformMath.cpp">
      <Filter>Source Files\Math</Filter>
    </ClCompile>
  </ItemGroup>
</Project>