<?xml version="1.0" encoding="utf-8"?>
<Project ToolsVersion="4.0" xmlns="http://schemas.microsoft.com/developer/msbuild/2003">
  <ItemGroup>
    <Filter Include="Source Files">
      <UniqueIdentifier>{4FC737F1-C7A5-4376-A066-2A32D752A2FF}</UniqueIdentifier>
      <Extensions>cpp;c;cc;cxx;c++;cppm;ixx;def;odl;idl;hpj;bat;asm;asmx</Extensions>
    </Filter>
    <Filter Include="Source Files\Prerequisites">
      <UniqueIdentifier>{2ebd056e-6d44-4bcf-9362-856f9b27c418}</UniqueIdentifier>
    </Filter>
  </ItemGroup>
  <ItemGroup>
    <ClCompile Include="src\xcApi.cpp">
      <Filter>Source Files</Filter>
    </ClCompile>
    <ClCompile Include="src\xcCamera.cpp">
      <Filter>Source Files</Filter>
    </ClCompile>
    <ClCompile Include="src\xcConstantBuffer.cpp">
      <Filter>Source Files</Filter>
    </ClCompile>
    <ClCompile Include="src\xcDepthStencilView.cpp">
      <Filter>Source Files</Filter>
    </ClCompile>
    <ClCompile Include="src\xcGraphiAPI.cpp">
      <Filter>Source Files</Filter>
    </ClCompile>
    <ClCompile Include="src\xcIndexBuffer.cpp">
      <Filter>Source Files</Filter>
    </ClCompile>
    <ClCompile Include="src\xcInputLayout.cpp">
      <Filter>Source Files</Filter>
    </ClCompile>
    <ClCompile Include="src\xcMesh.cpp">
      <Filter>Source Files</Filter>
    </ClCompile>
    <ClCompile Include="src\xcModel.cpp">
      <Filter>Source Files</Filter>
    </ClCompile>
    <ClCompile Include="src\xcPixelShader.cpp">
      <Filter>Source Files</Filter>
    </ClCompile>
    <ClCompile Include="src\xcRasterizerState.cpp">
      <Filter>Source Files</Filter>
    </ClCompile>
    <ClCompile Include="src\xcSamplerState.cpp">
      <Filter>Source Files</Filter>
    </ClCompile>
    <ClCompile Include="src\xcShaderProgram.cpp">
      <Filter>Source Files</Filter>
    </ClCompile>
    <ClCompile Include="src\xcTexture.cpp">
      <Filter>Source Files</Filter>
    </ClCompile>
    <ClCompile Include="src\xcVertexBuffer.cpp">
      <Filter>Source Files</Filter>
    </ClCompile>
    <ClCompile Include="src\xcVertexShader.cpp">
      <Filter>Source Files</Filter>
    </ClCompile>
    <ClCompile Include="src\xcBaseApp.cpp">
      <Filter>Source Files</Filter>
    </ClCompile>
    <ClCompile Include="src\xcActor.cpp">
      <Filter>Source Files</Filter>
    </ClCompile>
    <ClCompile Include="src\xcSceneGraph.cpp">
      <Filter>Source Files</Filter>
    </ClCompile>
    <ClCompile Include="src\xcSceneNode.cpp">
      <Filter>Source Files</Filter>
    </ClCompile>
    <ClCompile Include="src\xcComponent.cpp">
      <Filter>Source Files</Filter>
    </ClCompile>
    <ClCompile Include="src\xcGameObject.cpp">
      <Filter>Source Files</Filter>
    </ClCompile>
    <ClCompile Include="src\xcResourceModel.cpp">
      <Filter>Source Files</Filter>
    </ClCompile>
    <ClCompile Include="src\xcMaterial.cpp">
      <Filter>Source Files</Filter>
    </ClCompile>
  </ItemGroup>
  <ItemGroup>
    <ClInclude Include="include\xcCamera.h">
      <Filter>Source Files</Filter>
    </ClInclude>
    <ClInclude Include="include\xcConstantBuffer.h">
      <Filter>Source Files</Filter>
    </ClInclude>
    <ClInclude Include="include\xcDepthStencilView.h">
      <Filter>Source Files</Filter>
    </ClInclude>
    <ClInclude Include="include\xcGraphiAPI.h">
      <Filter>Source Files</Filter>
    </ClInclude>
    <ClInclude Include="include\xcIndexBuffer.h">
      <Filter>Source Files</Filter>
    </ClInclude>
    <ClInclude Include="include\xcInputLayout.h">
      <Filter>Source Files</Filter>
    </ClInclude>
    <ClInclude Include="include\xcMesh.h">
      <Filter>Source Files</Filter>
    </ClInclude>
    <ClInclude Include="include\xcModel.h">
      <Filter>Source Files</Filter>
    </ClInclude>
    <ClInclude Include="include\xcPixelShader.h">
      <Filter>Source Files</Filter>
    </ClInclude>
    <ClInclude Include="include\xcRasterizerState.h">
      <Filter>Source Files</Filter>
    </ClInclude>
    <ClInclude Include="include\xcSamplerState.h">
      <Filter>Source Files</Filter>
    </ClInclude>
    <ClInclude Include="include\xcShaderProgram.h">
      <Filter>Source Files</Filter>
    </ClInclude>
    <ClInclude Include="include\xcTexture.h">
      <Filter>Source Files</Filter>
    </ClInclude>
    <ClInclude Include="include\xcVertexBuffer.h">
      <Filter>Source Files</Filter>
    </ClInclude>
    <ClInclude Include="include\xcVertexShader.h">
      <Filter>Source Files</Filter>
    </ClInclude>
    <ClInclude Include="include\xcPrerequisitesCore.h">
      <Filter>Source Files\Prerequisites</Filter>
    </ClInclude>
    <ClInclude Include="include\xcBaseApp.h">
      <Filter>Source Files</Filter>
    </ClInclude>
    <ClInclude Include="include\xcActor.h">
      <Filter>Source Files</Filter>
    </ClInclude>
    <ClInclude Include="include\xcSceneGraph.h">
      <Filter>Source Files</Filter>
    </ClInclude>
    <ClInclude Include="include\xcSceneNode.h">
      <Filter>Source Files</Filter>
    </ClInclude>
    <ClInclude Include="include\xcComponent.h">
      <Filter>Source Files</Filter>
    </ClInclude>
    <ClInclude Include="include\xcGameObject.h">
      <Filter>Source Files</Filter>
    </ClInclude>
    <ClInclude Include="include\xcResourceModel.h">
      <Filter>Source Files</Filter>
    </ClInclude>
    <ClInclude Include="include\xcMaterial.h">
      <Filter>Source Files</Filter>
    </ClInclude>
  </ItemGroup>
</Project>