<?xml version="1.0" encoding="utf-8"?>
<Project ToolsVersion="4.0" xmlns="http://schemas.microsoft.com/developer/msbuild/2003">
  <ItemGroup>
    <Filter Include="Source Files">
      <UniqueIdentifier>{15f30d5e-0561-452c-8ea2-4402dae132e4}</UniqueIdentifier>
    </Filter>
    <Filter Include="Source Files\Prerequisites">
      <UniqueIdentifier>{cb3844e8-974b-447c-b9b8-8977c3f0ced0}</UniqueIdentifier>
    </Filter>
  </ItemGroup>
  <ItemGroup>
    <ClCompile Include="src\xcRenderer.cpp">
      <Filter>Source Files</Filter>
    </ClCompile>
  </ItemGroup>
  <ItemGroup>
    <ClInclude Include="include\xcPrerequisitesRenderer.h">
      <Filter>Source Files\Prerequisites</Filter>
    </ClInclude>
    <ClInclude Include="include\xcRenderer.h">
      <Filter>Source Files</Filter>
    </ClInclude>
    <ClInclude Include="include\xcPass.h">
      <Filter>Source Files</Filter>
    </ClInclude>
  </ItemGroup>
</Project>